
Microsoft Visual Studio Solution File, Format Version 12.00
# Visual Studio Version 16
VisualStudioVersion = 16.0.31112.23
MinimumVisualStudioVersion = 10.0.40219.1
Project("{FAE04EC0-301F-11D3-BF4B-00C04F79EFBC}") = "DataAccessLayer", "DataAccessLayer\DataAccessLayer.csproj", "{82D36940-2ADB-40B3-AA1F-CF8FA347CCB9}"
EndProject
Project("{FAE04EC0-301F-11D3-BF4B-00C04F79EFBC}") = "PresentationLayer", "FormTester\PresentationLayer.csproj", "{99E70F85-D4CC-43E1-8292-240E50077782}"
EndProject
Project("{FAE04EC0-301F-11D3-BF4B-00C04F79EFBC}") = "UsersLibrary", "UsersLibrary\UsersLibrary.csproj", "{4613F150-C3B9-4A9C-92BD-9D0EE6287F6F}"
EndProject
Global
	GlobalSection(SolutionConfigurationPlatforms) = preSolution
		Debug|Any CPU = Debug|Any CPU
		Release|Any CPU = Release|Any CPU
	EndGlobalSection
	GlobalSection(ProjectConfigurationPlatforms) = postSolution
		{82D36940-2ADB-40B3-AA1F-CF8FA347CCB9}.Debug|Any CPU.ActiveCfg = Debug|Any CPU
		{82D36940-2ADB-40B3-AA1F-CF8FA347CCB9}.Debug|Any CPU.Build.0 = Debug|Any CPU
		{82D36940-2ADB-40B3-AA1F-CF8FA347CCB9}.Release|Any CPU.ActiveCfg = Release|Any CPU
		{82D36940-2ADB-40B3-AA1F-CF8FA347CCB9}.Release|Any CPU.Build.0 = Release|Any CPU
		{99E70F85-D4CC-43E1-8292-240E50077782}.Debug|Any CPU.ActiveCfg = Debug|Any CPU
		{99E70F85-D4CC-43E1-8292-240E50077782}.Debug|Any CPU.Build.0 = Debug|Any CPU
		{99E70F85-D4CC-43E1-8292-240E50077782}.Release|Any CPU.ActiveCfg = Release|Any CPU
		{99E70F85-D4CC-43E1-8292-240E50077782}.Release|Any CPU.Build.0 = Release|Any CPU
		{4613F150-C3B9-4A9C-92BD-9D0EE6287F6F}.Debug|Any CPU.ActiveCfg = Debug|Any CPU
		{4613F150-C3B9-4A9C-92BD-9D0EE6287F6F}.Debug|Any CPU.Build.0 = Debug|Any CPU
		{4613F150-C3B9-4A9C-92BD-9D0EE6287F6F}.Release|Any CPU.ActiveCfg = Release|Any CPU
		{4613F150-C3B9-4A9C-92BD-9D0EE6287F6F}.Release|Any CPU.Build.0 = Release|Any CPU
	EndGlobalSection
	GlobalSection(SolutionProperties) = preSolution
		HideSolutionNode = FALSE
	EndGlobalSection
	GlobalSection(ExtensibilityGlobals) = postSolution
		SolutionGuid = {6A2BCA36-B85F-4B27-917C-8F498071FB12}
	EndGlobalSection
EndGlobal
